
Microsoft Visual Studio Solution File, Format Version 12.00
# Visual Studio Version 16
VisualStudioVersion = 16.0.32002.261
MinimumVisualStudioVersion = 10.0.40219.1
Project("{8BC9CEB8-8B4A-11D0-8D11-00A0C91BC942}") = "MouseRemote", "MouseRemote\MouseRemote.vcxproj", "{5D851EEE-C949-41C0-9E94-23E7EFCE1D4D}"
EndProject
Project("{8BC9CEB8-8B4A-11D0-8D11-00A0C91BC942}") = "TestServer", "TestServer\TestServer.vcxproj", "{F5EB056B-A6AB-4A01-B213-BC3A7F3A2997}"
EndProject
Global
	GlobalSection(SolutionConfigurationPlatforms) = preSolution
		Debug|x64 = Debug|x64
		Debug|x86 = Debug|x86
		Release|x64 = Release|x64
		Release|x86 = Release|x86
	EndGlobalSection
	GlobalSection(ProjectConfigurationPlatforms) = postSolution
		{5D851EEE-C949-41C0-9E94-23E7EFCE1D4D}.Debug|x64.ActiveCfg = Debug|x64
		{5D851EEE-C949-41C0-9E94-23E7EFCE1D4D}.Debug|x64.Build.0 = Debug|x64
		{5D851EEE-C949-41C0-9E94-23E7EFCE1D4D}.Debug|x86.ActiveCfg = Debug|Win32
		{5D851EEE-C949-41C0-9E94-23E7EFCE1D4D}.Debug|x86.Build.0 = Debug|Win32
		{5D851EEE-C949-41C0-9E94-23E7EFCE1D4D}.Release|x64.ActiveCfg = Release|x64
		{5D851EEE-C949-41C0-9E94-23E7EFCE1D4D}.Release|x64.Build.0 = Release|x64
		{5D851EEE-C949-41C0-9E94-23E7EFCE1D4D}.Release|x86.ActiveCfg = Release|Win32
		{5D851EEE-C949-41C0-9E94-23E7EFCE1D4D}.Release|x86.Build.0 = Release|Win32
		{F5EB056B-A6AB-4A01-B213-BC3A7F3A2997}.Debug|x64.ActiveCfg = Debug|x64
		{F5EB056B-A6AB-4A01-B213-BC3A7F3A2997}.Debug|x64.Build.0 = Debug|x64
		{F5EB056B-A6AB-4A01-B213-BC3A7F3A2997}.Debug|x86.ActiveCfg = Debug|Win32
		{F5EB056B-A6AB-4A01-B213-BC3A7F3A2997}.Debug|x86.Build.0 = Debug|Win32
		{F5EB056B-A6AB-4A01-B213-BC3A7F3A2997}.Release|x64.ActiveCfg = Release|x64
		{F5EB056B-A6AB-4A01-B213-BC3A7F3A2997}.Release|x64.Build.0 = Release|x64
		{F5EB056B-A6AB-4A01-B213-BC3A7F3A2997}.Release|x86.ActiveCfg = Release|Win32
		{F5EB056B-A6AB-4A01-B213-BC3A7F3A2997}.Release|x86.Build.0 = Release|Win32
	EndGlobalSection
	GlobalSection(SolutionProperties) = preSolution
		HideSolutionNode = FALSE
	EndGlobalSection
	GlobalSection(ExtensibilityGlobals) = postSolution
		SolutionGuid = {A7A69B95-0A95-4A42-9789-D7D6F413B6F3}
	EndGlobalSection
EndGlobal
