
Microsoft Visual Studio Solution File, Format Version 12.00
# Visual Studio Version 16
VisualStudioVersion = 16.0.32002.261
MinimumVisualStudioVersion = 10.0.40219.1
Project("{8BC9CEB8-8B4A-11D0-8D11-00A0C91BC942}") = "MouseRemote", "MouseRemote\MouseRemote.vcxproj", "{5D851EEE-C949-41C0-9E94-23E7EFCE1D4D}"
EndProject
Project("{FAE04EC0-301F-11D3-BF4B-00C04F79EFBC}") = "ControlPanel", "ControlPanel\ControlPanel.csproj", "{F4058F89-897C-4CD7-8EB4-DD016FDAF6CB}"
EndProject
Global
	GlobalSection(SolutionConfigurationPlatforms) = preSolution
		Debug|Any CPU = Debug|Any CPU
		Debug|x64 = Debug|x64
		Debug|x86 = Debug|x86
		Release|Any CPU = Release|Any CPU
		Release|x64 = Release|x64
		Release|x86 = Release|x86
	EndGlobalSection
	GlobalSection(ProjectConfigurationPlatforms) = postSolution
		{5D851EEE-C949-41C0-9E94-23E7EFCE1D4D}.Debug|Any CPU.ActiveCfg = Debug|Win32
		{5D851EEE-C949-41C0-9E94-23E7EFCE1D4D}.Debug|x64.ActiveCfg = Debug|x64
		{5D851EEE-C949-41C0-9E94-23E7EFCE1D4D}.Debug|x64.Build.0 = Debug|x64
		{5D851EEE-C949-41C0-9E94-23E7EFCE1D4D}.Debug|x86.ActiveCfg = Debug|Win32
		{5D851EEE-C949-41C0-9E94-23E7EFCE1D4D}.Debug|x86.Build.0 = Debug|Win32
		{5D851EEE-C949-41C0-9E94-23E7EFCE1D4D}.Release|Any CPU.ActiveCfg = Release|Win32
		{5D851EEE-C949-41C0-9E94-23E7EFCE1D4D}.Release|x64.ActiveCfg = Release|x64
		{5D851EEE-C949-41C0-9E94-23E7EFCE1D4D}.Release|x64.Build.0 = Release|x64
		{5D851EEE-C949-41C0-9E94-23E7EFCE1D4D}.Release|x86.ActiveCfg = Release|Win32
		{5D851EEE-C949-41C0-9E94-23E7EFCE1D4D}.Release|x86.Build.0 = Release|Win32
		{F4058F89-897C-4CD7-8EB4-DD016FDAF6CB}.Debug|Any CPU.ActiveCfg = Debug|Any CPU
		{F4058F89-897C-4CD7-8EB4-DD016FDAF6CB}.Debug|Any CPU.Build.0 = Debug|Any CPU
		{F4058F89-897C-4CD7-8EB4-DD016FDAF6CB}.Debug|x64.ActiveCfg = Debug|Any CPU
		{F4058F89-897C-4CD7-8EB4-DD016FDAF6CB}.Debug|x64.Build.0 = Debug|Any CPU
		{F4058F89-897C-4CD7-8EB4-DD016FDAF6CB}.Debug|x86.ActiveCfg = Debug|Any CPU
		{F4058F89-897C-4CD7-8EB4-DD016FDAF6CB}.Debug|x86.Build.0 = Debug|Any CPU
		{F4058F89-897C-4CD7-8EB4-DD016FDAF6CB}.Release|Any CPU.ActiveCfg = Release|Any CPU
		{F4058F89-897C-4CD7-8EB4-DD016FDAF6CB}.Release|Any CPU.Build.0 = Release|Any CPU
		{F4058F89-897C-4CD7-8EB4-DD016FDAF6CB}.Release|x64.ActiveCfg = Release|Any CPU
		{F4058F89-897C-4CD7-8EB4-DD016FDAF6CB}.Release|x64.Build.0 = Release|Any CPU
		{F4058F89-897C-4CD7-8EB4-DD016FDAF6CB}.Release|x86.ActiveCfg = Release|Any CPU
		{F4058F89-897C-4CD7-8EB4-DD016FDAF6CB}.Release|x86.Build.0 = Release|Any CPU
	EndGlobalSection
	GlobalSection(SolutionProperties) = preSolution
		HideSolutionNode = FALSE
	EndGlobalSection
	GlobalSection(ExtensibilityGlobals) = postSolution
		SolutionGuid = {A7A69B95-0A95-4A42-9789-D7D6F413B6F3}
	EndGlobalSection
EndGlobal
