
Microsoft Visual Studio Solution File, Format Version 12.00
# Visual Studio Version 17
VisualStudioVersion = 17.3.32929.385
MinimumVisualStudioVersion = 10.0.40219.1
Project("{FAE04EC0-301F-11D3-BF4B-00C04F79EFBC}") = "UI", "ControlPanel\UI.csproj", "{F4058F89-897C-4CD7-8EB4-DD016FDAF6CB}"
	ProjectSection(ProjectDependencies) = postProject
		{E3AD5FDF-14E5-4F93-B5CB-26E8BFF97184} = {E3AD5FDF-14E5-4F93-B5CB-26E8BFF97184}
	EndProjectSection
EndProject
Project("{8BC9CEB8-8B4A-11D0-8D11-00A0C91BC942}") = "Server", "ServiceDll\ServiceDll.vcxproj", "{E3AD5FDF-14E5-4F93-B5CB-26E8BFF97184}"
EndProject
Global
	GlobalSection(SolutionConfigurationPlatforms) = preSolution
		Debug|Any CPU = Debug|Any CPU
		Debug|x64 = Debug|x64
		Debug|x86 = Debug|x86
		Release|Any CPU = Release|Any CPU
		Release|x64 = Release|x64
		Release|x86 = Release|x86
	EndGlobalSection
	GlobalSection(ProjectConfigurationPlatforms) = postSolution
		{F4058F89-897C-4CD7-8EB4-DD016FDAF6CB}.Debug|Any CPU.ActiveCfg = Debug|x86
		{F4058F89-897C-4CD7-8EB4-DD016FDAF6CB}.Debug|Any CPU.Build.0 = Debug|x86
		{F4058F89-897C-4CD7-8EB4-DD016FDAF6CB}.Debug|x64.ActiveCfg = Debug|x64
		{F4058F89-897C-4CD7-8EB4-DD016FDAF6CB}.Debug|x64.Build.0 = Debug|x64
		{F4058F89-897C-4CD7-8EB4-DD016FDAF6CB}.Debug|x86.ActiveCfg = Debug|x86
		{F4058F89-897C-4CD7-8EB4-DD016FDAF6CB}.Debug|x86.Build.0 = Debug|x86
		{F4058F89-897C-4CD7-8EB4-DD016FDAF6CB}.Release|Any CPU.ActiveCfg = Release|x86
		{F4058F89-897C-4CD7-8EB4-DD016FDAF6CB}.Release|Any CPU.Build.0 = Release|x86
		{F4058F89-897C-4CD7-8EB4-DD016FDAF6CB}.Release|x64.ActiveCfg = Release|x64
		{F4058F89-897C-4CD7-8EB4-DD016FDAF6CB}.Release|x64.Build.0 = Release|x64
		{F4058F89-897C-4CD7-8EB4-DD016FDAF6CB}.Release|x86.ActiveCfg = Release|x86
		{F4058F89-897C-4CD7-8EB4-DD016FDAF6CB}.Release|x86.Build.0 = Release|x86
		{E3AD5FDF-14E5-4F93-B5CB-26E8BFF97184}.Debug|Any CPU.ActiveCfg = Debug|Win32
		{E3AD5FDF-14E5-4F93-B5CB-26E8BFF97184}.Debug|x64.ActiveCfg = Debug|x64
		{E3AD5FDF-14E5-4F93-B5CB-26E8BFF97184}.Debug|x64.Build.0 = Debug|x64
		{E3AD5FDF-14E5-4F93-B5CB-26E8BFF97184}.Debug|x86.ActiveCfg = Debug|Win32
		{E3AD5FDF-14E5-4F93-B5CB-26E8BFF97184}.Debug|x86.Build.0 = Debug|Win32
		{E3AD5FDF-14E5-4F93-B5CB-26E8BFF97184}.Release|Any CPU.ActiveCfg = Release|Win32
		{E3AD5FDF-14E5-4F93-B5CB-26E8BFF97184}.Release|x64.ActiveCfg = Release|x64
		{E3AD5FDF-14E5-4F93-B5CB-26E8BFF97184}.Release|x64.Build.0 = Release|x64
		{E3AD5FDF-14E5-4F93-B5CB-26E8BFF97184}.Release|x86.ActiveCfg = Release|Win32
		{E3AD5FDF-14E5-4F93-B5CB-26E8BFF97184}.Release|x86.Build.0 = Release|Win32
	EndGlobalSection
	GlobalSection(SolutionProperties) = preSolution
		HideSolutionNode = FALSE
	EndGlobalSection
	GlobalSection(ExtensibilityGlobals) = postSolution
		SolutionGuid = {A7A69B95-0A95-4A42-9789-D7D6F413B6F3}
	EndGlobalSection
EndGlobal
